# generated by rye
# use `rye lock` or `rye sync` to update this lockfile
#
# last locked with the following flags:
#   pre: false
#   features: []
#   all-features: false
#   with-sources: false
#   generate-hashes: false

-e file:.
filelock==3.13.1
    # via torch
fsspec==2024.2.0
    # via torch
intel-openmp==2021.4.0
    # via mkl
jinja2==3.1.3
    # via torch
markupsafe==2.1.5
    # via jinja2
mkl==2021.4.0
    # via torch
mpmath==1.3.0
    # via sympy
networkx==3.2.1
    # via torch
numpy==1.26.3
    # via torchvision
pillow==10.2.0
    # via torchvision
sympy==1.12
    # via torch
tbb==2021.11.0
    # via mkl
torch==2.3.1+cpu
    # via torchaudio
    # via torchvision
    # via whisper-cpp
torchaudio==2.3.1+cpu
    # via whisper-cpp
torchvision==0.18.1+cpu
    # via whisper-cpp
typing-extensions==4.9.0
    # via torch
